{
    "_readme": [
        "This file locks the dependencies of your project to a known state",
        "Read more about it at https://getcomposer.org/doc/01-basic-usage.md#installing-dependencies",
        "This file is @generated automatically"
    ],
    "content-hash": "d0312c6b59901c840e777fc296715873",
    "packages": [
        {
            "name": "ignite/workflow",
            "version": "dev-feature/json-workflow",
            "dist": {
                "type": "path",
                "url": "./../../_workflow",
                "reference": "c92b2d72a481c427d30f19e135f271f3958037d5"
            },
            "require": {
                "php": "^8.1"
            },
            "type": "library",
            "autoload": {
                "psr-4": {
                    "Ignite\\Workflow\\": "src/"
                }
            },
            "transport-options": {
                "symlink": true,
                "relative": true
            }
        }
    ],
    "packages-dev": [],
    "aliases": [],
    "minimum-stability": "dev",
    "stability-flags": {},
    "prefer-stable": true,
    "prefer-lowest": false,
    "platform": {
        "php": "^8.1"
    },
    "platform-dev": {},
    "plugin-api-version": "2.6.0"
}
